
Microsoft Visual Studio Solution File, Format Version 12.00
# Visual Studio Version 17
VisualStudioVersion = 17.5.002.0
MinimumVisualStudioVersion = 10.0.40219.1
Project("{9A19103F-16F7-4668-BE54-9A1E7A4F7556}") = "tde07", "tde07.csproj", "{A83B9DF9-3941-4059-BC05-F8A6A6E8AC71}"
EndProject
Global
	GlobalSection(SolutionConfigurationPlatforms) = preSolution
		Debug|Any CPU = Debug|Any CPU
		Release|Any CPU = Release|Any CPU
	EndGlobalSection
	GlobalSection(ProjectConfigurationPlatforms) = postSolution
		{A83B9DF9-3941-4059-BC05-F8A6A6E8AC71}.Debug|Any CPU.ActiveCfg = Debug|Any CPU
		{A83B9DF9-3941-4059-BC05-F8A6A6E8AC71}.Debug|Any CPU.Build.0 = Debug|Any CPU
		{A83B9DF9-3941-4059-BC05-F8A6A6E8AC71}.Release|Any CPU.ActiveCfg = Release|Any CPU
		{A83B9DF9-3941-4059-BC05-F8A6A6E8AC71}.Release|Any CPU.Build.0 = Release|Any CPU
	EndGlobalSection
	GlobalSection(SolutionProperties) = preSolution
		HideSolutionNode = FALSE
	EndGlobalSection
	GlobalSection(ExtensibilityGlobals) = postSolution
		SolutionGuid = {58AA1F2A-B549-4225-8ECC-D72825EAF724}
	EndGlobalSection
EndGlobal
